# This file is autogenerated, do not edit; changes may be undone by the next 'dep ensure'.


[[projects]]
  branch = "master"
  name = "github.com/atotto/clipboard"
  packages = ["."]
  revision = "5e2c7bddca04488284428a201e4a15615f7a5074"

[solve-meta]
  analyzer-name = "dep"
  analyzer-version = 1
  inputs-digest = "7ca8ffad30b2b9eeabe6e7f5662fbc2ee799e04811e1e945baddf79f46b1f9c7"
  solver-name = "gps-cdcl"
  solver-version = 1
